
Microsoft Visual Studio Solution File, Format Version 12.00
# Visual Studio Version 17
VisualStudioVersion = 17.5.33414.496
MinimumVisualStudioVersion = 10.0.40219.1
Project("{FAE04EC0-301F-11D3-BF4B-00C04F79EFBC}") = "OrangeHRMProject", "OrangeHRMProject\OrangeHRMProject.csproj", "{6A192925-99CE-4DFD-A368-64B4C293ABFA}"
EndProject
Global
	GlobalSection(SolutionConfigurationPlatforms) = preSolution
		Debug|Any CPU = Debug|Any CPU
		Release|Any CPU = Release|Any CPU
	EndGlobalSection
	GlobalSection(ProjectConfigurationPlatforms) = postSolution
		{6A192925-99CE-4DFD-A368-64B4C293ABFA}.Debug|Any CPU.ActiveCfg = Debug|Any CPU
		{6A192925-99CE-4DFD-A368-64B4C293ABFA}.Debug|Any CPU.Build.0 = Debug|Any CPU
		{6A192925-99CE-4DFD-A368-64B4C293ABFA}.Release|Any CPU.ActiveCfg = Release|Any CPU
		{6A192925-99CE-4DFD-A368-64B4C293ABFA}.Release|Any CPU.Build.0 = Release|Any CPU
	EndGlobalSection
	GlobalSection(SolutionProperties) = preSolution
		HideSolutionNode = FALSE
	EndGlobalSection
	GlobalSection(ExtensibilityGlobals) = postSolution
		SolutionGuid = {9EDD693F-66C4-4A20-B96C-C56E40A8F81B}
	EndGlobalSection
EndGlobal
